
Microsoft Visual Studio Solution File, Format Version 12.00
# Visual Studio Version 17
VisualStudioVersion = 17.1.32210.238
MinimumVisualStudioVersion = 10.0.40219.1
Project("{FAE04EC0-301F-11D3-BF4B-00C04F79EFBC}") = "RainObelisk", "RainObelisk\RainObelisk.csproj", "{BBCC06E7-2397-4D01-ACEB-242211648D4E}"
EndProject
Global
	GlobalSection(SolutionConfigurationPlatforms) = preSolution
		Debug|x86 = Debug|x86
		Release|x86 = Release|x86
	EndGlobalSection
	GlobalSection(ProjectConfigurationPlatforms) = postSolution
		{BBCC06E7-2397-4D01-ACEB-242211648D4E}.Debug|x86.ActiveCfg = Debug|x86
		{BBCC06E7-2397-4D01-ACEB-242211648D4E}.Debug|x86.Build.0 = Debug|x86
		{BBCC06E7-2397-4D01-ACEB-242211648D4E}.Release|x86.ActiveCfg = Release|x86
		{BBCC06E7-2397-4D01-ACEB-242211648D4E}.Release|x86.Build.0 = Release|x86
	EndGlobalSection
	GlobalSection(SolutionProperties) = preSolution
		HideSolutionNode = FALSE
	EndGlobalSection
	GlobalSection(ExtensibilityGlobals) = postSolution
		SolutionGuid = {EB8002B5-0C8A-46D8-B6BD-A03406AFD785}
	EndGlobalSection
EndGlobal
